
Microsoft Visual Studio Solution File, Format Version 12.00
# Visual Studio Version 16
VisualStudioVersion = 16.0.29926.136
MinimumVisualStudioVersion = 10.0.40219.1
Project("{9092AA53-FB77-4645-B42D-1CCCA6BD08BD}") = "JordanMarvels", "JordanMarvels\JordanMarvels.njsproj", "{AF68010A-BED7-4251-A8B5-6B728B8E4DF6}"
EndProject
Global
	GlobalSection(SolutionConfigurationPlatforms) = preSolution
		Debug|Any CPU = Debug|Any CPU
		Release|Any CPU = Release|Any CPU
	EndGlobalSection
	GlobalSection(ProjectConfigurationPlatforms) = postSolution
		{AF68010A-BED7-4251-A8B5-6B728B8E4DF6}.Debug|Any CPU.ActiveCfg = Debug|Any CPU
		{AF68010A-BED7-4251-A8B5-6B728B8E4DF6}.Debug|Any CPU.Build.0 = Debug|Any CPU
		{AF68010A-BED7-4251-A8B5-6B728B8E4DF6}.Release|Any CPU.ActiveCfg = Release|Any CPU
		{AF68010A-BED7-4251-A8B5-6B728B8E4DF6}.Release|Any CPU.Build.0 = Release|Any CPU
	EndGlobalSection
	GlobalSection(SolutionProperties) = preSolution
		HideSolutionNode = FALSE
	EndGlobalSection
	GlobalSection(ExtensibilityGlobals) = postSolution
		SolutionGuid = {8D81B6A6-E5DF-49F8-925A-967ECE1F5482}
	EndGlobalSection
EndGlobal
